// !$*UTF8*$!
{
	archiveVersion = 1;
	classes = {
	};
	objectVersion = 48;
	objects = {

/* Begin PBXBuildFile section */
		C7E402F4208374FF00501FB2 /* AppDelegate.swift in Sources */ = {isa = PBXBuildFile; fileRef = C7E402F3208374FF00501FB2 /* AppDelegate.swift */; };
		C7E402F6208374FF00501FB2 /* ViewController.swift in Sources */ = {isa = PBXBuildFile; fileRef = C7E402F5208374FF00501FB2 /* ViewController.swift */; };
		C7E402F9208374FF00501FB2 /* Main.storyboard in Resources */ = {isa = PBXBuildFile; fileRef = C7E402F7208374FF00501FB2 /* Main.storyboard */; };
		C7E402FB208374FF00501FB2 /* Assets.xcassets in Resources */ = {isa = PBXBuildFile; fileRef = C7E402FA208374FF00501FB2 /* Assets.xcassets */; };
		C7E402FE208374FF00501FB2 /* LaunchScreen.storyboard in Resources */ = {isa = PBXBuildFile; fileRef = C7E402FC208374FF00501FB2 /* LaunchScreen.storyboard */; };
		C7E4030A2083750900501FB2 /* HorizonLine.swift in Sources */ = {isa = PBXBuildFile; fileRef = C7E403062083750900501FB2 /* HorizonLine.swift */; };
		C7E4030B2083750900501FB2 /* HuAnimation.swift in Sources */ = {isa = PBXBuildFile; fileRef = C7E403072083750900501FB2 /* HuAnimation.swift */; };
		C7E4030C2083750900501FB2 /* HuTrangitionGhost.swift in Sources */ = {isa = PBXBuildFile; fileRef = C7E403082083750900501FB2 /* HuTrangitionGhost.swift */; };
		C7E4030D2083750900501FB2 /* HuVertical.swift in Sources */ = {isa = PBXBuildFile; fileRef = C7E403092083750900501FB2 /* HuVertical.swift */; };
		C7E4030F2083771200501FB2 /* ColorUtil.swift in Sources */ = {isa = PBXBuildFile; fileRef = C7E4030E2083771200501FB2 /* ColorUtil.swift */; };
		C7E50F5E20837C1300D1B0BC /* Detail.swift in Sources */ = {isa = PBXBuildFile; fileRef = C7E50F5D20837C1300D1B0BC /* Detail.swift */; };
		C7E50F6020837C8200D1B0BC /* Apple-Color-Splash-Effect-ipad-wallpaper-ilikewallpaper_com.jpg in Resources */ = {isa = PBXBuildFile; fileRef = C7E50F5F20837C8100D1B0BC /* Apple-Color-Splash-Effect-ipad-wallpaper-ilikewallpaper_com.jpg */; };
/* End PBXBuildFile section */

/* Begin PBXFileReference section */
		C7E402F0208374FF00501FB2 /* HuAnimationSwift.app */ = {isa = PBXFileReference; explicitFileType = wrapper.application; includeInIndex = 0; path = HuAnimationSwift.app; sourceTree = BUILT_PRODUCTS_DIR; };
		C7E402F3208374FF00501FB2 /* AppDelegate.swift */ = {isa = PBXFileReference; lastKnownFileType = sourcecode.swift; path = AppDelegate.swift; sourceTree = "<group>"; };
		C7E402F5208374FF00501FB2 /* ViewController.swift */ = {isa = PBXFileReference; lastKnownFileType = sourcecode.swift; path = ViewController.swift; sourceTree = "<group>"; };
		C7E402F8208374FF00501FB2 /* Base */ = {isa = PBXFileReference; lastKnownFileType = file.storyboard; name = Base; path = Base.lproj/Main.storyboard; sourceTree = "<group>"; };
		C7E402FA208374FF00501FB2 /* Assets.xcassets */ = {isa = PBXFileReference; lastKnownFileType = folder.assetcatalog; path = Assets.xcassets; sourceTree = "<group>"; };
		C7E402FD208374FF00501FB2 /* Base */ = {isa = PBXFileReference; lastKnownFileType = file.storyboard; name = Base; path = Base.lproj/LaunchScreen.storyboard; sourceTree = "<group>"; };
		C7E402FF208374FF00501FB2 /* Info.plist */ = {isa = PBXFileReference; lastKnownFileType = text.plist.xml; path = Info.plist; sourceTree = "<group>"; };
		C7E403062083750900501FB2 /* HorizonLine.swift */ = {isa = PBXFileReference; fileEncoding = 4; lastKnownFileType = sourcecode.swift; path = HorizonLine.swift; sourceTree = "<group>"; };
		C7E403072083750900501FB2 /* HuAnimation.swift */ = {isa = PBXFileReference; fileEncoding = 4; lastKnownFileType = sourcecode.swift; path = HuAnimation.swift; sourceTree = "<group>"; };
		C7E403082083750900501FB2 /* HuTrangitionGhost.swift */ = {isa = PBXFileReference; fileEncoding = 4; lastKnownFileType = sourcecode.swift; path = HuTrangitionGhost.swift; sourceTree = "<group>"; };
		C7E403092083750900501FB2 /* HuVertical.swift */ = {isa = PBXFileReference; fileEncoding = 4; lastKnownFileType = sourcecode.swift; path = HuVertical.swift; sourceTree = "<group>"; };
		C7E4030E2083771200501FB2 /* ColorUtil.swift */ = {isa = PBXFileReference; fileEncoding = 4; lastKnownFileType = sourcecode.swift; path = ColorUtil.swift; sourceTree = "<group>"; };
		C7E50F5D20837C1300D1B0BC /* Detail.swift */ = {isa = PBXFileReference; lastKnownFileType = sourcecode.swift; path = Detail.swift; sourceTree = "<group>"; };
		C7E50F5F20837C8100D1B0BC /* Apple-Color-Splash-Effect-ipad-wallpaper-ilikewallpaper_com.jpg */ = {isa = PBXFileReference; lastKnownFileType = image.jpeg; path = "Apple-Color-Splash-Effect-ipad-wallpaper-ilikewallpaper_com.jpg"; sourceTree = "<group>"; };
/* End PBXFileReference section */

/* Begin PBXFrameworksBuildPhase section */
		C7E402ED208374FF00501FB2 /* Frameworks */ = {
			isa = PBXFrameworksBuildPhase;
			buildActionMask = 2147483647;
			files = (
			);
			runOnlyForDeploymentPostprocessing = 0;
		};
/* End PBXFrameworksBuildPhase section */

/* Begin PBXGroup section */
		C7E402E7208374FF00501FB2 = {
			isa = PBXGroup;
			children = (
				C7E403052083750900501FB2 /* HuAnimation */,
				C7E402F2208374FF00501FB2 /* HuAnimationSwift */,
				C7E402F1208374FF00501FB2 /* Products */,
			);
			sourceTree = "<group>";
		};
		C7E402F1208374FF00501FB2 /* Products */ = {
			isa = PBXGroup;
			children = (
				C7E402F0208374FF00501FB2 /* HuAnimationSwift.app */,
			);
			name = Products;
			sourceTree = "<group>";
		};
		C7E402F2208374FF00501FB2 /* HuAnimationSwift */ = {
			isa = PBXGroup;
			children = (
				C7E50F5F20837C8100D1B0BC /* Apple-Color-Splash-Effect-ipad-wallpaper-ilikewallpaper_com.jpg */,
				C7E402F3208374FF00501FB2 /* AppDelegate.swift */,
				C7E402F5208374FF00501FB2 /* ViewController.swift */,
				C7E4030E2083771200501FB2 /* ColorUtil.swift */,
				C7E402F7208374FF00501FB2 /* Main.storyboard */,
				C7E402FA208374FF00501FB2 /* Assets.xcassets */,
				C7E402FC208374FF00501FB2 /* LaunchScreen.storyboard */,
				C7E402FF208374FF00501FB2 /* Info.plist */,
				C7E50F5D20837C1300D1B0BC /* Detail.swift */,
			);
			path = HuAnimationSwift;
			sourceTree = "<group>";
		};
		C7E403052083750900501FB2 /* HuAnimation */ = {
			isa = PBXGroup;
			children = (
				C7E403062083750900501FB2 /* HorizonLine.swift */,
				C7E403072083750900501FB2 /* HuAnimation.swift */,
				C7E403082083750900501FB2 /* HuTrangitionGhost.swift */,
				C7E403092083750900501FB2 /* HuVertical.swift */,
			);
			path = HuAnimation;
			sourceTree = "<group>";
		};
/* End PBXGroup section */

/* Begin PBXNativeTarget section */
		C7E402EF208374FF00501FB2 /* HuAnimationSwift */ = {
			isa = PBXNativeTarget;
			buildConfigurationList = C7E40302208374FF00501FB2 /* Build configuration list for PBXNativeTarget "HuAnimationSwift" */;
			buildPhases = (
				C7E402EC208374FF00501FB2 /* Sources */,
				C7E402ED208374FF00501FB2 /* Frameworks */,
				C7E402EE208374FF00501FB2 /* Resources */,
			);
			buildRules = (
			);
			dependencies = (
			);
			name = HuAnimationSwift;
			productName = HuAnimationSwift;
			productReference = C7E402F0208374FF00501FB2 /* HuAnimationSwift.app */;
			productType = "com.apple.product-type.application";
		};
/* End PBXNativeTarget section */

/* Begin PBXProject section */
		C7E402E8208374FF00501FB2 /* Project object */ = {
			isa = PBXProject;
			attributes = {
				LastSwiftUpdateCheck = 0910;
				LastUpgradeCheck = 0910;
				ORGANIZATIONNAME = "keisuke yamagishi";
				TargetAttributes = {
					C7E402EF208374FF00501FB2 = {
						CreatedOnToolsVersion = 9.1;
						ProvisioningStyle = Automatic;
					};
				};
			};
			buildConfigurationList = C7E402EB208374FF00501FB2 /* Build configuration list for PBXProject "HuAnimationSwift" */;
			compatibilityVersion = "Xcode 8.0";
			developmentRegion = en;
			hasScannedForEncodings = 0;
			knownRegions = (
				en,
				Base,
			);
			mainGroup = C7E402E7208374FF00501FB2;
			productRefGroup = C7E402F1208374FF00501FB2 /* Products */;
			projectDirPath = "";
			projectRoot = "";
			targets = (
				C7E402EF208374FF00501FB2 /* HuAnimationSwift */,
			);
		};
/* End PBXProject section */

/* Begin PBXResourcesBuildPhase section */
		C7E402EE208374FF00501FB2 /* Resources */ = {
			isa = PBXResourcesBuildPhase;
			buildActionMask = 2147483647;
			files = (
				C7E402FE208374FF00501FB2 /* LaunchScreen.storyboard in Resources */,
				C7E402FB208374FF00501FB2 /* Assets.xcassets in Resources */,
				C7E402F9208374FF00501FB2 /* Main.storyboard in Resources */,
				C7E50F6020837C8200D1B0BC /* Apple-Color-Splash-Effect-ipad-wallpaper-ilikewallpaper_com.jpg in Resources */,
			);
			runOnlyForDeploymentPostprocessing = 0;
		};
/* End PBXResourcesBuildPhase section */

/* Begin PBXSourcesBuildPhase section */
		C7E402EC208374FF00501FB2 /* Sources */ = {
			isa = PBXSourcesBuildPhase;
			buildActionMask = 2147483647;
			files = (
				C7E4030C2083750900501FB2 /* HuTrangitionGhost.swift in Sources */,
				C7E402F6208374FF00501FB2 /* ViewController.swift in Sources */,
				C7E50F5E20837C1300D1B0BC /* Detail.swift in Sources */,
				C7E4030D2083750900501FB2 /* HuVertical.swift in Sources */,
				C7E4030B2083750900501FB2 /* HuAnimation.swift in Sources */,
				C7E4030A2083750900501FB2 /* HorizonLine.swift in Sources */,
				C7E4030F2083771200501FB2 /* ColorUtil.swift in Sources */,
				C7E402F4208374FF00501FB2 /* AppDelegate.swift in Sources */,
			);
			runOnlyForDeploymentPostprocessing = 0;
		};
/* End PBXSourcesBuildPhase section */

/* Begin PBXVariantGroup section */
		C7E402F7208374FF00501FB2 /* Main.storyboard */ = {
			isa = PBXVariantGroup;
			children = (
				C7E402F8208374FF00501FB2 /* Base */,
			);
			name = Main.storyboard;
			sourceTree = "<group>";
		};
		C7E402FC208374FF00501FB2 /* LaunchScreen.storyboard */ = {
			isa = PBXVariantGroup;
			children = (
				C7E402FD208374FF00501FB2 /* Base */,
			);
			name = LaunchScreen.storyboard;
			sourceTree = "<group>";
		};
/* End PBXVariantGroup section */

/* Begin XCBuildConfiguration section */
		C7E40300208374FF00501FB2 /* Debug */ = {
			isa = XCBuildConfiguration;
			buildSettings = {
				ALWAYS_SEARCH_USER_PATHS = NO;
				CLANG_ANALYZER_NONNULL = YES;
				CLANG_ANALYZER_NUMBER_OBJECT_CONVERSION = YES_AGGRESSIVE;
				CLANG_CXX_LANGUAGE_STANDARD = "gnu++14";
				CLANG_CXX_LIBRARY = "libc++";
				CLANG_ENABLE_MODULES = YES;
				CLANG_ENABLE_OBJC_ARC = YES;
				CLANG_WARN_BLOCK_CAPTURE_AUTORELEASING = YES;
				CLANG_WARN_BOOL_CONVERSION = YES;
				CLANG_WARN_COMMA = YES;
				CLANG_WARN_CONSTANT_CONVERSION = YES;
				CLANG_WARN_DIRECT_OBJC_ISA_USAGE = YES_ERROR;
				CLANG_WARN_DOCUMENTATION_COMMENTS = YES;
				CLANG_WARN_EMPTY_BODY = YES;
				CLANG_WARN_ENUM_CONVERSION = YES;
				CLANG_WARN_INFINITE_RECURSION = YES;
				CLANG_WARN_INT_CONVERSION = YES;
				CLANG_WARN_NON_LITERAL_NULL_CONVERSION = YES;
				CLANG_WARN_OBJC_LITERAL_CONVERSION = YES;
				CLANG_WARN_OBJC_ROOT_CLASS = YES_ERROR;
				CLANG_WARN_RANGE_LOOP_ANALYSIS = YES;
				CLANG_WARN_STRICT_PROTOTYPES = YES;
				CLANG_WARN_SUSPICIOUS_MOVE = YES;
				CLANG_WARN_UNGUARDED_AVAILABILITY = YES_AGGRESSIVE;
				CLANG_WARN_UNREACHABLE_CODE = YES;
				CLANG_WARN__DUPLICATE_METHOD_MATCH = YES;
				CODE_SIGN_IDENTITY = "iPhone Developer";
				COPY_PHASE_STRIP = NO;
				DEBUG_INFORMATION_FORMAT = dwarf;
				ENABLE_STRICT_OBJC_MSGSEND = YES;
				ENABLE_TESTABILITY = YES;
				GCC_C_LANGUAGE_STANDARD = gnu11;
				GCC_DYNAMIC_NO_PIC = NO;
				GCC_NO_COMMON_BLOCKS = YES;
				GCC_OPTIMIZATION_LEVEL = 0;
				GCC_PREPROCESSOR_DEFINITIONS = (
					"DEBUG=1",
					"$(inherited)",
				);
				GCC_WARN_64_TO_32_BIT_CONVERSION = YES;
				GCC_WARN_ABOUT_RETURN_TYPE = YES_ERROR;
				GCC_WARN_UNDECLARED_SELECTOR = YES;
				GCC_WARN_UNINITIALIZED_AUTOS = YES_AGGRESSIVE;
				GCC_WARN_UNUSED_FUNCTION = YES;
				GCC_WARN_UNUSED_VARIABLE = YES;
				IPHONEOS_DEPLOYMENT_TARGET = 11.1;
				MTL_ENABLE_DEBUG_INFO = YES;
				ONLY_ACTIVE_ARCH = YES;
				SDKROOT = iphoneos;
				SWIFT_ACTIVE_COMPILATION_CONDITIONS = DEBUG;
				SWIFT_OPTIMIZATION_LEVEL = "-Onone";
			};
			name = Debug;
		};
		C7E40301208374FF00501FB2 /* Release */ = {
			isa = XCBuildConfiguration;
			buildSettings = {
				ALWAYS_SEARCH_USER_PATHS = NO;
				CLANG_ANALYZER_NONNULL = YES;
				CLANG_ANALYZER_NUMBER_OBJECT_CONVERSION = YES_AGGRESSIVE;
				CLANG_CXX_LANGUAGE_STANDARD = "gnu++14";
				CLANG_CXX_LIBRARY = "libc++";
				CLANG_ENABLE_MODULES = YES;
				CLANG_ENABLE_OBJC_ARC = YES;
				CLANG_WARN_BLOCK_CAPTURE_AUTORELEASING = YES;
				CLANG_WARN_BOOL_CONVERSION = YES;
				CLANG_WARN_COMMA = YES;
				CLANG_WARN_CONSTANT_CONVERSION = YES;
				CLANG_WARN_DIRECT_OBJC_ISA_USAGE = YES_ERROR;
				CLANG_WARN_DOCUMENTATION_COMMENTS = YES;
				CLANG_WARN_EMPTY_BODY = YES;
				CLANG_WARN_ENUM_CONVERSION = YES;
				CLANG_WARN_INFINITE_RECURSION = YES;
				CLANG_WARN_INT_CONVERSION = YES;
				CLANG_WARN_NON_LITERAL_NULL_CONVERSION = YES;
				CLANG_WARN_OBJC_LITERAL_CONVERSION = YES;
				CLANG_WARN_OBJC_ROOT_CLASS = YES_ERROR;
				CLANG_WARN_RANGE_LOOP_ANALYSIS = YES;
				CLANG_WARN_STRICT_PROTOTYPES = YES;
				CLANG_WARN_SUSPICIOUS_MOVE = YES;
				CLANG_WARN_UNGUARDED_AVAILABILITY = YES_AGGRESSIVE;
				CLANG_WARN_UNREACHABLE_CODE = YES;
				CLANG_WARN__DUPLICATE_METHOD_MATCH = YES;
				CODE_SIGN_IDENTITY = "iPhone Developer";
				COPY_PHASE_STRIP = NO;
				DEBUG_INFORMATION_FORMAT = "dwarf-with-dsym";
				ENABLE_NS_ASSERTIONS = NO;
				ENABLE_STRICT_OBJC_MSGSEND = YES;
				GCC_C_LANGUAGE_STANDARD = gnu11;
				GCC_NO_COMMON_BLOCKS = YES;
				GCC_WARN_64_TO_32_BIT_CONVERSION = YES;
				GCC_WARN_ABOUT_RETURN_TYPE = YES_ERROR;
				GCC_WARN_UNDECLARED_SELECTOR = YES;
				GCC_WARN_UNINITIALIZED_AUTOS = YES_AGGRESSIVE;
				GCC_WARN_UNUSED_FUNCTION = YES;
				GCC_WARN_UNUSED_VARIABLE = YES;
				IPHONEOS_DEPLOYMENT_TARGET = 11.1;
				MTL_ENABLE_DEBUG_INFO = NO;
				SDKROOT = iphoneos;
				SWIFT_OPTIMIZATION_LEVEL = "-Owholemodule";
				VALIDATE_PRODUCT = YES;
			};
			name = Release;
		};
		C7E40303208374FF00501FB2 /* Debug */ = {
			isa = XCBuildConfiguration;
			buildSettings = {
				ASSETCATALOG_COMPILER_APPICON_NAME = AppIcon;
				CODE_SIGN_STYLE = Automatic;
				DEVELOPMENT_TEAM = D3DW67HS9F;
				INFOPLIST_FILE = HuAnimationSwift/Info.plist;
				LD_RUNPATH_SEARCH_PATHS = "$(inherited) @executable_path/Frameworks";
				PRODUCT_BUNDLE_IDENTIFIER = com.shichimitoucarashi.inc.HuAnimationSwift;
				PRODUCT_NAME = "$(TARGET_NAME)";
				SWIFT_VERSION = 4.0;
				TARGETED_DEVICE_FAMILY = "1,2";
			};
			name = Debug;
		};
		C7E40304208374FF00501FB2 /* Release */ = {
			isa = XCBuildConfiguration;
			buildSettings = {
				ASSETCATALOG_COMPILER_APPICON_NAME = AppIcon;
				CODE_SIGN_STYLE = Automatic;
				DEVELOPMENT_TEAM = D3DW67HS9F;
				INFOPLIST_FILE = HuAnimationSwift/Info.plist;
				LD_RUNPATH_SEARCH_PATHS = "$(inherited) @executable_path/Frameworks";
				PRODUCT_BUNDLE_IDENTIFIER = com.shichimitoucarashi.inc.HuAnimationSwift;
				PRODUCT_NAME = "$(TARGET_NAME)";
				SWIFT_VERSION = 4.0;
				TARGETED_DEVICE_FAMILY = "1,2";
			};
			name = Release;
		};
/* End XCBuildConfiguration section */

/* Begin XCConfigurationList section */
		C7E402EB208374FF00501FB2 /* Build configuration list for PBXProject "HuAnimationSwift" */ = {
			isa = XCConfigurationList;
			buildConfigurations = (
				C7E40300208374FF00501FB2 /* Debug */,
				C7E40301208374FF00501FB2 /* Release */,
			);
			defaultConfigurationIsVisible = 0;
			defaultConfigurationName = Release;
		};
		C7E40302208374FF00501FB2 /* Build configuration list for PBXNativeTarget "HuAnimationSwift" */ = {
			isa = XCConfigurationList;
			buildConfigurations = (
				C7E40303208374FF00501FB2 /* Debug */,
				C7E40304208374FF00501FB2 /* Release */,
			);
			defaultConfigurationIsVisible = 0;
			defaultConfigurationName = Release;
		};
/* End XCConfigurationList section */
	};
	rootObject = C7E402E8208374FF00501FB2 /* Project object */;
}
